{
  "object": {
    "pins": [
      {
        "package": "MQKit",
        "repositoryURL": "https://github.com/M-Quadra/MQKit",
        "state": {
          "branch": "master",
          "revision": "403063e3e8c52ce14a43889b7e956c9bdf1d43a5",
          "version": null
        }
      }
    ]
  },
  "version": 1
}
