{
  "object": {
    "pins": [
      {
        "package": "MQKit",
        "repositoryURL": "https://github.com/M-Quadra/MQKit",
        "state": {
          "branch": "master",
          "revision": "c1fb43c489f5689597d4db0b435de1d27eb56592",
          "version": null
        }
      }
    ]
  },
  "version": 1
}
