{
  "object": {
    "pins": [
      {
        "package": "MQKit",
        "repositoryURL": "https://github.com/M-Quadra/MQKit",
        "state": {
          "branch": "master",
          "revision": "cede89ed25ca71403f2f119443d172a2fd14f7a3",
          "version": null
        }
      }
    ]
  },
  "version": 1
}
