// !$*UTF8*$!
{
	archiveVersion = 1;
	classes = {
	};
	objectVersion = 52;
	objects = {

/* Begin PBXBuildFile section */
		E74F7936238E78B500B39DC3 /* AppDelegate.swift in Sources */ = {isa = PBXBuildFile; fileRef = E74F7935238E78B500B39DC3 /* AppDelegate.swift */; };
		E74F7938238E78B500B39DC3 /* SceneDelegate.swift in Sources */ = {isa = PBXBuildFile; fileRef = E74F7937238E78B500B39DC3 /* SceneDelegate.swift */; };
		E74F793A238E78B500B39DC3 /* ViewController.swift in Sources */ = {isa = PBXBuildFile; fileRef = E74F7939238E78B500B39DC3 /* ViewController.swift */; };
		E74F793D238E78B500B39DC3 /* Main.storyboard in Resources */ = {isa = PBXBuildFile; fileRef = E74F793B238E78B500B39DC3 /* Main.storyboard */; };
		E74F793F238E78B700B39DC3 /* Assets.xcassets in Resources */ = {isa = PBXBuildFile; fileRef = E74F793E238E78B700B39DC3 /* Assets.xcassets */; };
		E74F7942238E78B700B39DC3 /* LaunchScreen.storyboard in Resources */ = {isa = PBXBuildFile; fileRef = E74F7940238E78B700B39DC3 /* LaunchScreen.storyboard */; };
		E74F794B238E796A00B39DC3 /* MQKit in Frameworks */ = {isa = PBXBuildFile; productRef = E74F794A238E796A00B39DC3 /* MQKit */; };
		E7D78FBD238FCB3400D8C65F /* DatasetUint8.swift in Sources */ = {isa = PBXBuildFile; fileRef = E7D78FBC238FCB3400D8C65F /* DatasetUint8.swift */; };
		E7D78FBF238FE6C700D8C65F /* MQAutoGuessEncoding-uint8.mlmodel in Sources */ = {isa = PBXBuildFile; fileRef = E7D78FBE238FE6C700D8C65F /* MQAutoGuessEncoding-uint8.mlmodel */; };
		E7D78FC2238FE94400D8C65F /* DatasetUint8xUint8.swift in Sources */ = {isa = PBXBuildFile; fileRef = E7D78FC1238FE94400D8C65F /* DatasetUint8xUint8.swift */; };
/* End PBXBuildFile section */

/* Begin PBXFileReference section */
		E74F7932238E78B500B39DC3 /* DataCreater.app */ = {isa = PBXFileReference; explicitFileType = wrapper.application; includeInIndex = 0; path = DataCreater.app; sourceTree = BUILT_PRODUCTS_DIR; };
		E74F7935238E78B500B39DC3 /* AppDelegate.swift */ = {isa = PBXFileReference; lastKnownFileType = sourcecode.swift; path = AppDelegate.swift; sourceTree = "<group>"; };
		E74F7937238E78B500B39DC3 /* SceneDelegate.swift */ = {isa = PBXFileReference; lastKnownFileType = sourcecode.swift; path = SceneDelegate.swift; sourceTree = "<group>"; };
		E74F7939238E78B500B39DC3 /* ViewController.swift */ = {isa = PBXFileReference; lastKnownFileType = sourcecode.swift; path = ViewController.swift; sourceTree = "<group>"; };
		E74F793C238E78B500B39DC3 /* Base */ = {isa = PBXFileReference; lastKnownFileType = file.storyboard; name = Base; path = Base.lproj/Main.storyboard; sourceTree = "<group>"; };
		E74F793E238E78B700B39DC3 /* Assets.xcassets */ = {isa = PBXFileReference; lastKnownFileType = folder.assetcatalog; path = Assets.xcassets; sourceTree = "<group>"; };
		E74F7941238E78B700B39DC3 /* Base */ = {isa = PBXFileReference; lastKnownFileType = file.storyboard; name = Base; path = Base.lproj/LaunchScreen.storyboard; sourceTree = "<group>"; };
		E74F7943238E78B700B39DC3 /* Info.plist */ = {isa = PBXFileReference; lastKnownFileType = text.plist.xml; path = Info.plist; sourceTree = "<group>"; };
		E7D78FBC238FCB3400D8C65F /* DatasetUint8.swift */ = {isa = PBXFileReference; lastKnownFileType = sourcecode.swift; path = DatasetUint8.swift; sourceTree = "<group>"; };
		E7D78FBE238FE6C700D8C65F /* MQAutoGuessEncoding-uint8.mlmodel */ = {isa = PBXFileReference; lastKnownFileType = file.mlmodel; path = "MQAutoGuessEncoding-uint8.mlmodel"; sourceTree = "<group>"; };
		E7D78FC1238FE94400D8C65F /* DatasetUint8xUint8.swift */ = {isa = PBXFileReference; lastKnownFileType = sourcecode.swift; path = DatasetUint8xUint8.swift; sourceTree = "<group>"; };
/* End PBXFileReference section */

/* Begin PBXFrameworksBuildPhase section */
		E74F792F238E78B500B39DC3 /* Frameworks */ = {
			isa = PBXFrameworksBuildPhase;
			buildActionMask = 2147483647;
			files = (
				E74F794B238E796A00B39DC3 /* MQKit in Frameworks */,
			);
			runOnlyForDeploymentPostprocessing = 0;
		};
/* End PBXFrameworksBuildPhase section */

/* Begin PBXGroup section */
		E74F7929238E78B500B39DC3 = {
			isa = PBXGroup;
			children = (
				E74F7934238E78B500B39DC3 /* DataCreater */,
				E74F7933238E78B500B39DC3 /* Products */,
			);
			sourceTree = "<group>";
		};
		E74F7933238E78B500B39DC3 /* Products */ = {
			isa = PBXGroup;
			children = (
				E74F7932238E78B500B39DC3 /* DataCreater.app */,
			);
			name = Products;
			sourceTree = "<group>";
		};
		E74F7934238E78B500B39DC3 /* DataCreater */ = {
			isa = PBXGroup;
			children = (
				E77445652390C40A006FDE12 /* Hex */,
				E7D78FC0238FE71800D8C65F /* Uint8xUint8 */,
				E7D78FBB238FCAF000D8C65F /* Uint8 */,
				E74F7935238E78B500B39DC3 /* AppDelegate.swift */,
				E74F7937238E78B500B39DC3 /* SceneDelegate.swift */,
				E74F7939238E78B500B39DC3 /* ViewController.swift */,
				E74F793B238E78B500B39DC3 /* Main.storyboard */,
				E74F793E238E78B700B39DC3 /* Assets.xcassets */,
				E74F7940238E78B700B39DC3 /* LaunchScreen.storyboard */,
				E74F7943238E78B700B39DC3 /* Info.plist */,
			);
			path = DataCreater;
			sourceTree = "<group>";
		};
		E77445652390C40A006FDE12 /* Hex */ = {
			isa = PBXGroup;
			children = (
			);
			path = Hex;
			sourceTree = "<group>";
		};
		E7D78FBB238FCAF000D8C65F /* Uint8 */ = {
			isa = PBXGroup;
			children = (
				E7D78FBE238FE6C700D8C65F /* MQAutoGuessEncoding-uint8.mlmodel */,
				E7D78FBC238FCB3400D8C65F /* DatasetUint8.swift */,
			);
			path = Uint8;
			sourceTree = "<group>";
		};
		E7D78FC0238FE71800D8C65F /* Uint8xUint8 */ = {
			isa = PBXGroup;
			children = (
				E7D78FC1238FE94400D8C65F /* DatasetUint8xUint8.swift */,
			);
			path = Uint8xUint8;
			sourceTree = "<group>";
		};
/* End PBXGroup section */

/* Begin PBXNativeTarget section */
		E74F7931238E78B500B39DC3 /* DataCreater */ = {
			isa = PBXNativeTarget;
			buildConfigurationList = E74F7946238E78B700B39DC3 /* Build configuration list for PBXNativeTarget "DataCreater" */;
			buildPhases = (
				E74F792E238E78B500B39DC3 /* Sources */,
				E74F792F238E78B500B39DC3 /* Frameworks */,
				E74F7930238E78B500B39DC3 /* Resources */,
			);
			buildRules = (
			);
			dependencies = (
			);
			name = DataCreater;
			packageProductDependencies = (
				E74F794A238E796A00B39DC3 /* MQKit */,
			);
			productName = DataCreater;
			productReference = E74F7932238E78B500B39DC3 /* DataCreater.app */;
			productType = "com.apple.product-type.application";
		};
/* End PBXNativeTarget section */

/* Begin PBXProject section */
		E74F792A238E78B500B39DC3 /* Project object */ = {
			isa = PBXProject;
			attributes = {
				LastSwiftUpdateCheck = 1120;
				LastUpgradeCheck = 1120;
				ORGANIZATIONNAME = M_noAria;
				TargetAttributes = {
					E74F7931238E78B500B39DC3 = {
						CreatedOnToolsVersion = 11.2;
					};
				};
			};
			buildConfigurationList = E74F792D238E78B500B39DC3 /* Build configuration list for PBXProject "DataCreater" */;
			compatibilityVersion = "Xcode 9.3";
			developmentRegion = en;
			hasScannedForEncodings = 0;
			knownRegions = (
				en,
				Base,
			);
			mainGroup = E74F7929238E78B500B39DC3;
			packageReferences = (
				E74F7949238E796A00B39DC3 /* XCRemoteSwiftPackageReference "MQKit" */,
			);
			productRefGroup = E74F7933238E78B500B39DC3 /* Products */;
			projectDirPath = "";
			projectRoot = "";
			targets = (
				E74F7931238E78B500B39DC3 /* DataCreater */,
			);
		};
/* End PBXProject section */

/* Begin PBXResourcesBuildPhase section */
		E74F7930238E78B500B39DC3 /* Resources */ = {
			isa = PBXResourcesBuildPhase;
			buildActionMask = 2147483647;
			files = (
				E74F7942238E78B700B39DC3 /* LaunchScreen.storyboard in Resources */,
				E74F793F238E78B700B39DC3 /* Assets.xcassets in Resources */,
				E74F793D238E78B500B39DC3 /* Main.storyboard in Resources */,
			);
			runOnlyForDeploymentPostprocessing = 0;
		};
/* End PBXResourcesBuildPhase section */

/* Begin PBXSourcesBuildPhase section */
		E74F792E238E78B500B39DC3 /* Sources */ = {
			isa = PBXSourcesBuildPhase;
			buildActionMask = 2147483647;
			files = (
				E74F793A238E78B500B39DC3 /* ViewController.swift in Sources */,
				E74F7936238E78B500B39DC3 /* AppDelegate.swift in Sources */,
				E7D78FBF238FE6C700D8C65F /* MQAutoGuessEncoding-uint8.mlmodel in Sources */,
				E7D78FC2238FE94400D8C65F /* DatasetUint8xUint8.swift in Sources */,
				E74F7938238E78B500B39DC3 /* SceneDelegate.swift in Sources */,
				E7D78FBD238FCB3400D8C65F /* DatasetUint8.swift in Sources */,
			);
			runOnlyForDeploymentPostprocessing = 0;
		};
/* End PBXSourcesBuildPhase section */

/* Begin PBXVariantGroup section */
		E74F793B238E78B500B39DC3 /* Main.storyboard */ = {
			isa = PBXVariantGroup;
			children = (
				E74F793C238E78B500B39DC3 /* Base */,
			);
			name = Main.storyboard;
			sourceTree = "<group>";
		};
		E74F7940238E78B700B39DC3 /* LaunchScreen.storyboard */ = {
			isa = PBXVariantGroup;
			children = (
				E74F7941238E78B700B39DC3 /* Base */,
			);
			name = LaunchScreen.storyboard;
			sourceTree = "<group>";
		};
/* End PBXVariantGroup section */

/* Begin XCBuildConfiguration section */
		E74F7944238E78B700B39DC3 /* Debug */ = {
			isa = XCBuildConfiguration;
			buildSettings = {
				ALWAYS_SEARCH_USER_PATHS = NO;
				CLANG_ANALYZER_NONNULL = YES;
				CLANG_ANALYZER_NUMBER_OBJECT_CONVERSION = YES_AGGRESSIVE;
				CLANG_CXX_LANGUAGE_STANDARD = "gnu++14";
				CLANG_CXX_LIBRARY = "libc++";
				CLANG_ENABLE_MODULES = YES;
				CLANG_ENABLE_OBJC_ARC = YES;
				CLANG_ENABLE_OBJC_WEAK = YES;
				CLANG_WARN_BLOCK_CAPTURE_AUTORELEASING = YES;
				CLANG_WARN_BOOL_CONVERSION = YES;
				CLANG_WARN_COMMA = YES;
				CLANG_WARN_CONSTANT_CONVERSION = YES;
				CLANG_WARN_DEPRECATED_OBJC_IMPLEMENTATIONS = YES;
				CLANG_WARN_DIRECT_OBJC_ISA_USAGE = YES_ERROR;
				CLANG_WARN_DOCUMENTATION_COMMENTS = YES;
				CLANG_WARN_EMPTY_BODY = YES;
				CLANG_WARN_ENUM_CONVERSION = YES;
				CLANG_WARN_INFINITE_RECURSION = YES;
				CLANG_WARN_INT_CONVERSION = YES;
				CLANG_WARN_NON_LITERAL_NULL_CONVERSION = YES;
				CLANG_WARN_OBJC_IMPLICIT_RETAIN_SELF = YES;
				CLANG_WARN_OBJC_LITERAL_CONVERSION = YES;
				CLANG_WARN_OBJC_ROOT_CLASS = YES_ERROR;
				CLANG_WARN_RANGE_LOOP_ANALYSIS = YES;
				CLANG_WARN_STRICT_PROTOTYPES = YES;
				CLANG_WARN_SUSPICIOUS_MOVE = YES;
				CLANG_WARN_UNGUARDED_AVAILABILITY = YES_AGGRESSIVE;
				CLANG_WARN_UNREACHABLE_CODE = YES;
				CLANG_WARN__DUPLICATE_METHOD_MATCH = YES;
				COPY_PHASE_STRIP = NO;
				DEBUG_INFORMATION_FORMAT = dwarf;
				ENABLE_STRICT_OBJC_MSGSEND = YES;
				ENABLE_TESTABILITY = YES;
				GCC_C_LANGUAGE_STANDARD = gnu11;
				GCC_DYNAMIC_NO_PIC = NO;
				GCC_NO_COMMON_BLOCKS = YES;
				GCC_OPTIMIZATION_LEVEL = 0;
				GCC_PREPROCESSOR_DEFINITIONS = (
					"DEBUG=1",
					"$(inherited)",
				);
				GCC_WARN_64_TO_32_BIT_CONVERSION = YES;
				GCC_WARN_ABOUT_RETURN_TYPE = YES_ERROR;
				GCC_WARN_UNDECLARED_SELECTOR = YES;
				GCC_WARN_UNINITIALIZED_AUTOS = YES_AGGRESSIVE;
				GCC_WARN_UNUSED_FUNCTION = YES;
				GCC_WARN_UNUSED_VARIABLE = YES;
				IPHONEOS_DEPLOYMENT_TARGET = 13.2;
				MTL_ENABLE_DEBUG_INFO = INCLUDE_SOURCE;
				MTL_FAST_MATH = YES;
				ONLY_ACTIVE_ARCH = YES;
				SDKROOT = iphoneos;
				SWIFT_ACTIVE_COMPILATION_CONDITIONS = DEBUG;
				SWIFT_OPTIMIZATION_LEVEL = "-Onone";
			};
			name = Debug;
		};
		E74F7945238E78B700B39DC3 /* Release */ = {
			isa = XCBuildConfiguration;
			buildSettings = {
				ALWAYS_SEARCH_USER_PATHS = NO;
				CLANG_ANALYZER_NONNULL = YES;
				CLANG_ANALYZER_NUMBER_OBJECT_CONVERSION = YES_AGGRESSIVE;
				CLANG_CXX_LANGUAGE_STANDARD = "gnu++14";
				CLANG_CXX_LIBRARY = "libc++";
				CLANG_ENABLE_MODULES = YES;
				CLANG_ENABLE_OBJC_ARC = YES;
				CLANG_ENABLE_OBJC_WEAK = YES;
				CLANG_WARN_BLOCK_CAPTURE_AUTORELEASING = YES;
				CLANG_WARN_BOOL_CONVERSION = YES;
				CLANG_WARN_COMMA = YES;
				CLANG_WARN_CONSTANT_CONVERSION = YES;
				CLANG_WARN_DEPRECATED_OBJC_IMPLEMENTATIONS = YES;
				CLANG_WARN_DIRECT_OBJC_ISA_USAGE = YES_ERROR;
				CLANG_WARN_DOCUMENTATION_COMMENTS = YES;
				CLANG_WARN_EMPTY_BODY = YES;
				CLANG_WARN_ENUM_CONVERSION = YES;
				CLANG_WARN_INFINITE_RECURSION = YES;
				CLANG_WARN_INT_CONVERSION = YES;
				CLANG_WARN_NON_LITERAL_NULL_CONVERSION = YES;
				CLANG_WARN_OBJC_IMPLICIT_RETAIN_SELF = YES;
				CLANG_WARN_OBJC_LITERAL_CONVERSION = YES;
				CLANG_WARN_OBJC_ROOT_CLASS = YES_ERROR;
				CLANG_WARN_RANGE_LOOP_ANALYSIS = YES;
				CLANG_WARN_STRICT_PROTOTYPES = YES;
				CLANG_WARN_SUSPICIOUS_MOVE = YES;
				CLANG_WARN_UNGUARDED_AVAILABILITY = YES_AGGRESSIVE;
				CLANG_WARN_UNREACHABLE_CODE = YES;
				CLANG_WARN__DUPLICATE_METHOD_MATCH = YES;
				COPY_PHASE_STRIP = NO;
				DEBUG_INFORMATION_FORMAT = "dwarf-with-dsym";
				ENABLE_NS_ASSERTIONS = NO;
				ENABLE_STRICT_OBJC_MSGSEND = YES;
				GCC_C_LANGUAGE_STANDARD = gnu11;
				GCC_NO_COMMON_BLOCKS = YES;
				GCC_WARN_64_TO_32_BIT_CONVERSION = YES;
				GCC_WARN_ABOUT_RETURN_TYPE = YES_ERROR;
				GCC_WARN_UNDECLARED_SELECTOR = YES;
				GCC_WARN_UNINITIALIZED_AUTOS = YES_AGGRESSIVE;
				GCC_WARN_UNUSED_FUNCTION = YES;
				GCC_WARN_UNUSED_VARIABLE = YES;
				IPHONEOS_DEPLOYMENT_TARGET = 13.2;
				MTL_ENABLE_DEBUG_INFO = NO;
				MTL_FAST_MATH = YES;
				SDKROOT = iphoneos;
				SWIFT_COMPILATION_MODE = wholemodule;
				SWIFT_OPTIMIZATION_LEVEL = "-O";
				VALIDATE_PRODUCT = YES;
			};
			name = Release;
		};
		E74F7947238E78B700B39DC3 /* Debug */ = {
			isa = XCBuildConfiguration;
			buildSettings = {
				ASSETCATALOG_COMPILER_APPICON_NAME = AppIcon;
				CODE_SIGN_IDENTITY = "Apple Development";
				CODE_SIGN_STYLE = Automatic;
				DEVELOPMENT_TEAM = "";
				INFOPLIST_FILE = DataCreater/Info.plist;
				LD_RUNPATH_SEARCH_PATHS = (
					"$(inherited)",
					"@executable_path/Frameworks",
				);
				PRODUCT_BUNDLE_IDENTIFIER = "com.M-Quadra.DataCreater";
				PRODUCT_NAME = "$(TARGET_NAME)";
				PROVISIONING_PROFILE_SPECIFIER = "";
				SWIFT_VERSION = 5.0;
				TARGETED_DEVICE_FAMILY = "1,2";
			};
			name = Debug;
		};
		E74F7948238E78B700B39DC3 /* Release */ = {
			isa = XCBuildConfiguration;
			buildSettings = {
				ASSETCATALOG_COMPILER_APPICON_NAME = AppIcon;
				CODE_SIGN_IDENTITY = "Apple Development";
				CODE_SIGN_STYLE = Automatic;
				DEVELOPMENT_TEAM = "";
				INFOPLIST_FILE = DataCreater/Info.plist;
				LD_RUNPATH_SEARCH_PATHS = (
					"$(inherited)",
					"@executable_path/Frameworks",
				);
				PRODUCT_BUNDLE_IDENTIFIER = "com.M-Quadra.DataCreater";
				PRODUCT_NAME = "$(TARGET_NAME)";
				PROVISIONING_PROFILE_SPECIFIER = "";
				SWIFT_VERSION = 5.0;
				TARGETED_DEVICE_FAMILY = "1,2";
			};
			name = Release;
		};
/* End XCBuildConfiguration section */

/* Begin XCConfigurationList section */
		E74F792D238E78B500B39DC3 /* Build configuration list for PBXProject "DataCreater" */ = {
			isa = XCConfigurationList;
			buildConfigurations = (
				E74F7944238E78B700B39DC3 /* Debug */,
				E74F7945238E78B700B39DC3 /* Release */,
			);
			defaultConfigurationIsVisible = 0;
			defaultConfigurationName = Release;
		};
		E74F7946238E78B700B39DC3 /* Build configuration list for PBXNativeTarget "DataCreater" */ = {
			isa = XCConfigurationList;
			buildConfigurations = (
				E74F7947238E78B700B39DC3 /* Debug */,
				E74F7948238E78B700B39DC3 /* Release */,
			);
			defaultConfigurationIsVisible = 0;
			defaultConfigurationName = Release;
		};
/* End XCConfigurationList section */

/* Begin XCRemoteSwiftPackageReference section */
		E74F7949238E796A00B39DC3 /* XCRemoteSwiftPackageReference "MQKit" */ = {
			isa = XCRemoteSwiftPackageReference;
			repositoryURL = "https://github.com/M-Quadra/MQKit";
			requirement = {
				branch = master;
				kind = branch;
			};
		};
/* End XCRemoteSwiftPackageReference section */

/* Begin XCSwiftPackageProductDependency section */
		E74F794A238E796A00B39DC3 /* MQKit */ = {
			isa = XCSwiftPackageProductDependency;
			package = E74F7949238E796A00B39DC3 /* XCRemoteSwiftPackageReference "MQKit" */;
			productName = MQKit;
		};
/* End XCSwiftPackageProductDependency section */
	};
	rootObject = E74F792A238E78B500B39DC3 /* Project object */;
}
