{
  "object": {
    "pins": [
      {
        "package": "MQKit",
        "repositoryURL": "https://github.com/M-Quadra/MQKit",
        "state": {
          "branch": "master",
          "revision": "e6d1f87a4b6bfde61d455bd8fc45e09266545e22",
          "version": null
        }
      }
    ]
  },
  "version": 1
}
